// !$*UTF8*$!
{
	archiveVersion = 1;
	classes = {
	};
	objectVersion = 56;
	objects = {

/* Begin PBXBuildFile section */
		A9969CDF2A5988F100C59367 /* LaunchScreen.storyboard in Resources */ = {isa = PBXBuildFile; fileRef = A9969CDE2A5988F100C59367 /* LaunchScreen.storyboard */; };
		A9969CE12A59C62900C59367 /* LaunchView.swift in Sources */ = {isa = PBXBuildFile; fileRef = A9969CE02A59C62900C59367 /* LaunchView.swift */; };
		A9969CE32A59C67400C59367 /* StartView.swift in Sources */ = {isa = PBXBuildFile; fileRef = A9969CE22A59C67400C59367 /* StartView.swift */; };
		A9969CE62A5B0ACF00C59367 /* PrivacyPolicyView.swift in Sources */ = {isa = PBXBuildFile; fileRef = A9969CE52A5B0ACF00C59367 /* PrivacyPolicyView.swift */; };
		A9969D152A5FF85200C59367 /* LocationManager.swift in Sources */ = {isa = PBXBuildFile; fileRef = A9969D142A5FF85200C59367 /* LocationManager.swift */; };
		A9969D172A5FF88800C59367 /* bklocation.json in Resources */ = {isa = PBXBuildFile; fileRef = A9969D162A5FF88800C59367 /* bklocation.json */; };
		A9969D192A5FFEE600C59367 /* MapDirectory.swift in Sources */ = {isa = PBXBuildFile; fileRef = A9969D182A5FFEE600C59367 /* MapDirectory.swift */; };
		A9969D1D2A5FFF4800C59367 /* Branch.swift in Sources */ = {isa = PBXBuildFile; fileRef = A9969D1C2A5FFF4800C59367 /* Branch.swift */; };
		A9969D1F2A62BE8300C59367 /* AllowLocationViewModel.swift in Sources */ = {isa = PBXBuildFile; fileRef = A9969D1E2A62BE8300C59367 /* AllowLocationViewModel.swift */; };
		A9969D232A62C3D400C59367 /* AllowNotificationViewModel.swift in Sources */ = {isa = PBXBuildFile; fileRef = A9969D222A62C3D400C59367 /* AllowNotificationViewModel.swift */; };
		A9969D252A62C83200C59367 /* AllowLocationModel.swift in Sources */ = {isa = PBXBuildFile; fileRef = A9969D242A62C83200C59367 /* AllowLocationModel.swift */; };
		A9969D2A2A62EA4300C59367 /* MainTabView.swift in Sources */ = {isa = PBXBuildFile; fileRef = A9969D292A62EA4300C59367 /* MainTabView.swift */; };
		A9969D2E2A63C53B00C59367 /* BranchCardView.swift in Sources */ = {isa = PBXBuildFile; fileRef = A9969D2D2A63C53B00C59367 /* BranchCardView.swift */; };
		A9969D312A640BA400C59367 /* MapView.swift in Sources */ = {isa = PBXBuildFile; fileRef = A9969D302A640BA400C59367 /* MapView.swift */; };
		A9969D332A640BE400C59367 /* CircleButtonView.swift in Sources */ = {isa = PBXBuildFile; fileRef = A9969D322A640BE400C59367 /* CircleButtonView.swift */; };
		A9969D352A64161600C59367 /* BranchAnnotation.swift in Sources */ = {isa = PBXBuildFile; fileRef = A9969D342A64161600C59367 /* BranchAnnotation.swift */; };
		A9969D3C2A65486C00C59367 /* CustomButton.swift in Sources */ = {isa = PBXBuildFile; fileRef = A9969D3B2A65486C00C59367 /* CustomButton.swift */; };
		A9969D3E2A654A8F00C59367 /* StartViewModel.swift in Sources */ = {isa = PBXBuildFile; fileRef = A9969D3D2A654A8F00C59367 /* StartViewModel.swift */; };
		A9969D412A65569D00C59367 /* ViewHelpers.swift in Sources */ = {isa = PBXBuildFile; fileRef = A9969D402A65569D00C59367 /* ViewHelpers.swift */; };
		A9969D432A671D3D00C59367 /* MenuView.swift in Sources */ = {isa = PBXBuildFile; fileRef = A9969D422A671D3D00C59367 /* MenuView.swift */; };
		A9969D452A671EC900C59367 /* SettingsView.swift in Sources */ = {isa = PBXBuildFile; fileRef = A9969D442A671EC900C59367 /* SettingsView.swift */; };
		A9969D472A671EF400C59367 /* SignInView.swift in Sources */ = {isa = PBXBuildFile; fileRef = A9969D462A671EF400C59367 /* SignInView.swift */; };
		A9969D492A671F1500C59367 /* FollowView.swift in Sources */ = {isa = PBXBuildFile; fileRef = A9969D482A671F1500C59367 /* FollowView.swift */; };
		A9969D4B2A671F2E00C59367 /* ContactView.swift in Sources */ = {isa = PBXBuildFile; fileRef = A9969D4A2A671F2E00C59367 /* ContactView.swift */; };
		A9969D4D2A671F6C00C59367 /* TermsOfServiceView.swift in Sources */ = {isa = PBXBuildFile; fileRef = A9969D4C2A671F6C00C59367 /* TermsOfServiceView.swift */; };
		A9969D4F2A671F9500C59367 /* AcknowledgementsView.swift in Sources */ = {isa = PBXBuildFile; fileRef = A9969D4E2A671F9500C59367 /* AcknowledgementsView.swift */; };
		A9969D522A67205A00C59367 /* AuthSheetView.swift in Sources */ = {isa = PBXBuildFile; fileRef = A9969D512A67205A00C59367 /* AuthSheetView.swift */; };
		A9969D542A69235400C59367 /* MapViewWithRecenterButton.swift in Sources */ = {isa = PBXBuildFile; fileRef = A9969D532A69235400C59367 /* MapViewWithRecenterButton.swift */; };
		A9969D562A6928C000C59367 /* CustomNavigationBar.swift in Sources */ = {isa = PBXBuildFile; fileRef = A9969D552A6928C000C59367 /* CustomNavigationBar.swift */; };
		A9969D582A6944CC00C59367 /* BranchInfoView.swift in Sources */ = {isa = PBXBuildFile; fileRef = A9969D572A6944CC00C59367 /* BranchInfoView.swift */; };
		A9969D5A2A69759C00C59367 /* FaceBookView.swift in Sources */ = {isa = PBXBuildFile; fileRef = A9969D592A69759C00C59367 /* FaceBookView.swift */; };
		A9969D5C2A6975B000C59367 /* TwitterView.swift in Sources */ = {isa = PBXBuildFile; fileRef = A9969D5B2A6975B000C59367 /* TwitterView.swift */; };
		A9969D5E2A6975C100C59367 /* YoutubeView.swift in Sources */ = {isa = PBXBuildFile; fileRef = A9969D5D2A6975C100C59367 /* YoutubeView.swift */; };
		A9969D622A6975F200C59367 /* InstagramView.swift in Sources */ = {isa = PBXBuildFile; fileRef = A9969D612A6975F200C59367 /* InstagramView.swift */; };
		A9969D682A6AF1A800C59367 /* GoogleService-Info.plist in Resources */ = {isa = PBXBuildFile; fileRef = A9969D672A6AF1A700C59367 /* GoogleService-Info.plist */; };
		A9969D6B2A6AF24700C59367 /* FirebaseAnalytics in Frameworks */ = {isa = PBXBuildFile; productRef = A9969D6A2A6AF24700C59367 /* FirebaseAnalytics */; };
		A9969D6D2A6AF24700C59367 /* FirebaseAnalyticsSwift in Frameworks */ = {isa = PBXBuildFile; productRef = A9969D6C2A6AF24700C59367 /* FirebaseAnalyticsSwift */; };
		A9969D6F2A6AF24700C59367 /* FirebaseAuth in Frameworks */ = {isa = PBXBuildFile; productRef = A9969D6E2A6AF24700C59367 /* FirebaseAuth */; };
		A9969D712A6AF24700C59367 /* FirebaseAuthCombine-Community in Frameworks */ = {isa = PBXBuildFile; productRef = A9969D702A6AF24700C59367 /* FirebaseAuthCombine-Community */; };
		A9969D732A6AF24700C59367 /* FirebaseFirestore in Frameworks */ = {isa = PBXBuildFile; productRef = A9969D722A6AF24700C59367 /* FirebaseFirestore */; };
		A9969D752A6AF24700C59367 /* FirebaseFirestoreCombine-Community in Frameworks */ = {isa = PBXBuildFile; productRef = A9969D742A6AF24700C59367 /* FirebaseFirestoreCombine-Community */; };
		A9969D772A6AF24700C59367 /* FirebaseFirestoreSwift in Frameworks */ = {isa = PBXBuildFile; productRef = A9969D762A6AF24700C59367 /* FirebaseFirestoreSwift */; };
		A9969D7A2A6AF2F200C59367 /* GoogleSignIn in Frameworks */ = {isa = PBXBuildFile; productRef = A9969D792A6AF2F200C59367 /* GoogleSignIn */; };
		A9969D7C2A6AF2F200C59367 /* GoogleSignInSwift in Frameworks */ = {isa = PBXBuildFile; productRef = A9969D7B2A6AF2F200C59367 /* GoogleSignInSwift */; };
		A9969D7E2A6AF3B300C59367 /* AuthenticationSheet.swift in Sources */ = {isa = PBXBuildFile; fileRef = A9969D7D2A6AF3B300C59367 /* AuthenticationSheet.swift */; };
		A9FA3B8C2A56C6EB0076D776 /* BurgerKingApp.swift in Sources */ = {isa = PBXBuildFile; fileRef = A9FA3B8B2A56C6EB0076D776 /* BurgerKingApp.swift */; };
		A9FA3B8E2A56C6EB0076D776 /* ContentView.swift in Sources */ = {isa = PBXBuildFile; fileRef = A9FA3B8D2A56C6EB0076D776 /* ContentView.swift */; };
		A9FA3B902A56C6EC0076D776 /* Assets.xcassets in Resources */ = {isa = PBXBuildFile; fileRef = A9FA3B8F2A56C6EC0076D776 /* Assets.xcassets */; };
		A9FA3B932A56C6EC0076D776 /* Preview Assets.xcassets in Resources */ = {isa = PBXBuildFile; fileRef = A9FA3B922A56C6EC0076D776 /* Preview Assets.xcassets */; };
		A9FA3BA72A5879590076D776 /* Colors.swift in Sources */ = {isa = PBXBuildFile; fileRef = A9FA3BA62A5879590076D776 /* Colors.swift */; };
		A9FA3BA92A5879670076D776 /* Fonts.swift in Sources */ = {isa = PBXBuildFile; fileRef = A9FA3BA82A5879670076D776 /* Fonts.swift */; };
		A9FA3BAB2A587D180076D776 /* Flame-Bold.ttf in Resources */ = {isa = PBXBuildFile; fileRef = A9FA3BAA2A587D180076D776 /* Flame-Bold.ttf */; };
		A9FA3BAD2A587D250076D776 /* FlameSans-Regular.ttf in Resources */ = {isa = PBXBuildFile; fileRef = A9FA3BAC2A587D250076D776 /* FlameSans-Regular.ttf */; };
		A9FA3BAF2A587D450076D776 /* Flame-Regular.ttf in Resources */ = {isa = PBXBuildFile; fileRef = A9FA3BAE2A587D450076D776 /* Flame-Regular.ttf */; };
		A9FA3BB32A5881300076D776 /* TestView.swift in Sources */ = {isa = PBXBuildFile; fileRef = A9FA3BB22A5881300076D776 /* TestView.swift */; };
		A9FA3BB82A5882280076D776 /* AllowNotificationView.swift in Sources */ = {isa = PBXBuildFile; fileRef = A9FA3BB72A5882280076D776 /* AllowNotificationView.swift */; };
		A9FA3BBA2A5882410076D776 /* AllowLocationView.swift in Sources */ = {isa = PBXBuildFile; fileRef = A9FA3BB92A5882410076D776 /* AllowLocationView.swift */; };
		A9FA3BBC2A5882550076D776 /* HomeView.swift in Sources */ = {isa = PBXBuildFile; fileRef = A9FA3BBB2A5882550076D776 /* HomeView.swift */; };
		A9FA3BBE2A58826C0076D776 /* OrderView.swift in Sources */ = {isa = PBXBuildFile; fileRef = A9FA3BBD2A58826C0076D776 /* OrderView.swift */; };
		A9FA3BC02A58827E0076D776 /* OffersView.swift in Sources */ = {isa = PBXBuildFile; fileRef = A9FA3BBF2A58827E0076D776 /* OffersView.swift */; };
		A9FA3BC22A5882900076D776 /* ProfileView.swift in Sources */ = {isa = PBXBuildFile; fileRef = A9FA3BC12A5882900076D776 /* ProfileView.swift */; };
/* End PBXBuildFile section */

/* Begin PBXFileReference section */
		A9969CDE2A5988F100C59367 /* LaunchScreen.storyboard */ = {isa = PBXFileReference; fileEncoding = 4; lastKnownFileType = file.storyboard; path = LaunchScreen.storyboard; sourceTree = "<group>"; };
		A9969CE02A59C62900C59367 /* LaunchView.swift */ = {isa = PBXFileReference; lastKnownFileType = sourcecode.swift; path = LaunchView.swift; sourceTree = "<group>"; };
		A9969CE22A59C67400C59367 /* StartView.swift */ = {isa = PBXFileReference; lastKnownFileType = sourcecode.swift; path = StartView.swift; sourceTree = "<group>"; };
		A9969CE52A5B0ACF00C59367 /* PrivacyPolicyView.swift */ = {isa = PBXFileReference; lastKnownFileType = sourcecode.swift; path = PrivacyPolicyView.swift; sourceTree = "<group>"; };
		A9969D142A5FF85200C59367 /* LocationManager.swift */ = {isa = PBXFileReference; lastKnownFileType = sourcecode.swift; path = LocationManager.swift; sourceTree = "<group>"; };
		A9969D162A5FF88800C59367 /* bklocation.json */ = {isa = PBXFileReference; lastKnownFileType = text.json; path = bklocation.json; sourceTree = "<group>"; };
		A9969D182A5FFEE600C59367 /* MapDirectory.swift */ = {isa = PBXFileReference; lastKnownFileType = sourcecode.swift; path = MapDirectory.swift; sourceTree = "<group>"; };
		A9969D1C2A5FFF4800C59367 /* Branch.swift */ = {isa = PBXFileReference; lastKnownFileType = sourcecode.swift; path = Branch.swift; sourceTree = "<group>"; };
		A9969D1E2A62BE8300C59367 /* AllowLocationViewModel.swift */ = {isa = PBXFileReference; lastKnownFileType = sourcecode.swift; path = AllowLocationViewModel.swift; sourceTree = "<group>"; };
		A9969D222A62C3D400C59367 /* AllowNotificationViewModel.swift */ = {isa = PBXFileReference; lastKnownFileType = sourcecode.swift; path = AllowNotificationViewModel.swift; sourceTree = "<group>"; };
		A9969D242A62C83200C59367 /* AllowLocationModel.swift */ = {isa = PBXFileReference; lastKnownFileType = sourcecode.swift; path = AllowLocationModel.swift; sourceTree = "<group>"; };
		A9969D292A62EA4300C59367 /* MainTabView.swift */ = {isa = PBXFileReference; lastKnownFileType = sourcecode.swift; path = MainTabView.swift; sourceTree = "<group>"; };
		A9969D2D2A63C53B00C59367 /* BranchCardView.swift */ = {isa = PBXFileReference; lastKnownFileType = sourcecode.swift; path = BranchCardView.swift; sourceTree = "<group>"; };
		A9969D302A640BA400C59367 /* MapView.swift */ = {isa = PBXFileReference; lastKnownFileType = sourcecode.swift; path = MapView.swift; sourceTree = "<group>"; };
		A9969D322A640BE400C59367 /* CircleButtonView.swift */ = {isa = PBXFileReference; lastKnownFileType = sourcecode.swift; path = CircleButtonView.swift; sourceTree = "<group>"; };
		A9969D342A64161600C59367 /* BranchAnnotation.swift */ = {isa = PBXFileReference; lastKnownFileType = sourcecode.swift; path = BranchAnnotation.swift; sourceTree = "<group>"; };
		A9969D3B2A65486C00C59367 /* CustomButton.swift */ = {isa = PBXFileReference; lastKnownFileType = sourcecode.swift; path = CustomButton.swift; sourceTree = "<group>"; };
		A9969D3D2A654A8F00C59367 /* StartViewModel.swift */ = {isa = PBXFileReference; lastKnownFileType = sourcecode.swift; path = StartViewModel.swift; sourceTree = "<group>"; };
		A9969D402A65569D00C59367 /* ViewHelpers.swift */ = {isa = PBXFileReference; lastKnownFileType = sourcecode.swift; path = ViewHelpers.swift; sourceTree = "<group>"; };
		A9969D422A671D3D00C59367 /* MenuView.swift */ = {isa = PBXFileReference; lastKnownFileType = sourcecode.swift; path = MenuView.swift; sourceTree = "<group>"; };
		A9969D442A671EC900C59367 /* SettingsView.swift */ = {isa = PBXFileReference; lastKnownFileType = sourcecode.swift; path = SettingsView.swift; sourceTree = "<group>"; };
		A9969D462A671EF400C59367 /* SignInView.swift */ = {isa = PBXFileReference; lastKnownFileType = sourcecode.swift; path = SignInView.swift; sourceTree = "<group>"; };
		A9969D482A671F1500C59367 /* FollowView.swift */ = {isa = PBXFileReference; lastKnownFileType = sourcecode.swift; path = FollowView.swift; sourceTree = "<group>"; };
		A9969D4A2A671F2E00C59367 /* ContactView.swift */ = {isa = PBXFileReference; lastKnownFileType = sourcecode.swift; path = ContactView.swift; sourceTree = "<group>"; };
		A9969D4C2A671F6C00C59367 /* TermsOfServiceView.swift */ = {isa = PBXFileReference; lastKnownFileType = sourcecode.swift; path = TermsOfServiceView.swift; sourceTree = "<group>"; };
		A9969D4E2A671F9500C59367 /* AcknowledgementsView.swift */ = {isa = PBXFileReference; lastKnownFileType = sourcecode.swift; path = AcknowledgementsView.swift; sourceTree = "<group>"; };
		A9969D512A67205A00C59367 /* AuthSheetView.swift */ = {isa = PBXFileReference; lastKnownFileType = sourcecode.swift; path = AuthSheetView.swift; sourceTree = "<group>"; };
		A9969D532A69235400C59367 /* MapViewWithRecenterButton.swift */ = {isa = PBXFileReference; lastKnownFileType = sourcecode.swift; path = MapViewWithRecenterButton.swift; sourceTree = "<group>"; };
		A9969D552A6928C000C59367 /* CustomNavigationBar.swift */ = {isa = PBXFileReference; lastKnownFileType = sourcecode.swift; path = CustomNavigationBar.swift; sourceTree = "<group>"; };
		A9969D572A6944CC00C59367 /* BranchInfoView.swift */ = {isa = PBXFileReference; lastKnownFileType = sourcecode.swift; path = BranchInfoView.swift; sourceTree = "<group>"; };
		A9969D592A69759C00C59367 /* FaceBookView.swift */ = {isa = PBXFileReference; lastKnownFileType = sourcecode.swift; path = FaceBookView.swift; sourceTree = "<group>"; };
		A9969D5B2A6975B000C59367 /* TwitterView.swift */ = {isa = PBXFileReference; lastKnownFileType = sourcecode.swift; path = TwitterView.swift; sourceTree = "<group>"; };
		A9969D5D2A6975C100C59367 /* YoutubeView.swift */ = {isa = PBXFileReference; lastKnownFileType = sourcecode.swift; path = YoutubeView.swift; sourceTree = "<group>"; };
		A9969D612A6975F200C59367 /* InstagramView.swift */ = {isa = PBXFileReference; lastKnownFileType = sourcecode.swift; path = InstagramView.swift; sourceTree = "<group>"; };
		A9969D672A6AF1A700C59367 /* GoogleService-Info.plist */ = {isa = PBXFileReference; fileEncoding = 4; lastKnownFileType = text.plist.xml; path = "GoogleService-Info.plist"; sourceTree = "<group>"; };
		A9969D7D2A6AF3B300C59367 /* AuthenticationSheet.swift */ = {isa = PBXFileReference; lastKnownFileType = sourcecode.swift; path = AuthenticationSheet.swift; sourceTree = "<group>"; };
		A9FA3B882A56C6EB0076D776 /* BurgerKing.app */ = {isa = PBXFileReference; explicitFileType = wrapper.application; includeInIndex = 0; path = BurgerKing.app; sourceTree = BUILT_PRODUCTS_DIR; };
		A9FA3B8B2A56C6EB0076D776 /* BurgerKingApp.swift */ = {isa = PBXFileReference; lastKnownFileType = sourcecode.swift; path = BurgerKingApp.swift; sourceTree = "<group>"; };
		A9FA3B8D2A56C6EB0076D776 /* ContentView.swift */ = {isa = PBXFileReference; lastKnownFileType = sourcecode.swift; path = ContentView.swift; sourceTree = "<group>"; };
		A9FA3B8F2A56C6EC0076D776 /* Assets.xcassets */ = {isa = PBXFileReference; lastKnownFileType = folder.assetcatalog; path = Assets.xcassets; sourceTree = "<group>"; };
		A9FA3B922A56C6EC0076D776 /* Preview Assets.xcassets */ = {isa = PBXFileReference; lastKnownFileType = folder.assetcatalog; path = "Preview Assets.xcassets"; sourceTree = "<group>"; };
		A9FA3BA62A5879590076D776 /* Colors.swift */ = {isa = PBXFileReference; lastKnownFileType = sourcecode.swift; path = Colors.swift; sourceTree = "<group>"; };
		A9FA3BA82A5879670076D776 /* Fonts.swift */ = {isa = PBXFileReference; lastKnownFileType = sourcecode.swift; path = Fonts.swift; sourceTree = "<group>"; };
		A9FA3BAA2A587D180076D776 /* Flame-Bold.ttf */ = {isa = PBXFileReference; lastKnownFileType = file; name = "Flame-Bold.ttf"; path = "../../../../fonts/Flame-Bold.ttf"; sourceTree = "<group>"; };
		A9FA3BAC2A587D250076D776 /* FlameSans-Regular.ttf */ = {isa = PBXFileReference; lastKnownFileType = file; name = "FlameSans-Regular.ttf"; path = "../../../../fonts/FlameSans-Regular.ttf"; sourceTree = "<group>"; };
		A9FA3BAE2A587D450076D776 /* Flame-Regular.ttf */ = {isa = PBXFileReference; lastKnownFileType = file; name = "Flame-Regular.ttf"; path = "../../../../fonts/Flame-Regular.ttf"; sourceTree = "<group>"; };
		A9FA3BB02A587E840076D776 /* Info.plist */ = {isa = PBXFileReference; lastKnownFileType = text.plist; path = Info.plist; sourceTree = "<group>"; };
		A9FA3BB22A5881300076D776 /* TestView.swift */ = {isa = PBXFileReference; lastKnownFileType = sourcecode.swift; path = TestView.swift; sourceTree = "<group>"; };
		A9FA3BB72A5882280076D776 /* AllowNotificationView.swift */ = {isa = PBXFileReference; lastKnownFileType = sourcecode.swift; path = AllowNotificationView.swift; sourceTree = "<group>"; };
		A9FA3BB92A5882410076D776 /* AllowLocationView.swift */ = {isa = PBXFileReference; lastKnownFileType = sourcecode.swift; path = AllowLocationView.swift; sourceTree = "<group>"; };
		A9FA3BBB2A5882550076D776 /* HomeView.swift */ = {isa = PBXFileReference; lastKnownFileType = sourcecode.swift; path = HomeView.swift; sourceTree = "<group>"; };
		A9FA3BBD2A58826C0076D776 /* OrderView.swift */ = {isa = PBXFileReference; lastKnownFileType = sourcecode.swift; path = OrderView.swift; sourceTree = "<group>"; };
		A9FA3BBF2A58827E0076D776 /* OffersView.swift */ = {isa = PBXFileReference; lastKnownFileType = sourcecode.swift; path = OffersView.swift; sourceTree = "<group>"; };
		A9FA3BC12A5882900076D776 /* ProfileView.swift */ = {isa = PBXFileReference; lastKnownFileType = sourcecode.swift; path = ProfileView.swift; sourceTree = "<group>"; };
/* End PBXFileReference section */

/* Begin PBXFrameworksBuildPhase section */
		A9FA3B852A56C6EB0076D776 /* Frameworks */ = {
			isa = PBXFrameworksBuildPhase;
			buildActionMask = 2147483647;
			files = (
				A9969D7C2A6AF2F200C59367 /* GoogleSignInSwift in Frameworks */,
				A9969D6D2A6AF24700C59367 /* FirebaseAnalyticsSwift in Frameworks */,
				A9969D7A2A6AF2F200C59367 /* GoogleSignIn in Frameworks */,
				A9969D6F2A6AF24700C59367 /* FirebaseAuth in Frameworks */,
				A9969D6B2A6AF24700C59367 /* FirebaseAnalytics in Frameworks */,
				A9969D772A6AF24700C59367 /* FirebaseFirestoreSwift in Frameworks */,
				A9969D752A6AF24700C59367 /* FirebaseFirestoreCombine-Community in Frameworks */,
				A9969D732A6AF24700C59367 /* FirebaseFirestore in Frameworks */,
				A9969D712A6AF24700C59367 /* FirebaseAuthCombine-Community in Frameworks */,
			);
			runOnlyForDeploymentPostprocessing = 0;
		};
/* End PBXFrameworksBuildPhase section */

/* Begin PBXGroup section */
		A9969D132A5FF83800C59367 /* Location */ = {
			isa = PBXGroup;
			children = (
				A9969D162A5FF88800C59367 /* bklocation.json */,
				A9969D182A5FFEE600C59367 /* MapDirectory.swift */,
				A9969D142A5FF85200C59367 /* LocationManager.swift */,
			);
			path = Location;
			sourceTree = "<group>";
		};
		A9969D262A62E97C00C59367 /* TabBar */ = {
			isa = PBXGroup;
			children = (
				A9969D292A62EA4300C59367 /* MainTabView.swift */,
			);
			path = TabBar;
			sourceTree = "<group>";
		};
		A9969D2B2A63C4E700C59367 /* HomeComponents */ = {
			isa = PBXGroup;
			children = (
				A9969D2D2A63C53B00C59367 /* BranchCardView.swift */,
			);
			path = HomeComponents;
			sourceTree = "<group>";
		};
		A9969D2C2A63C50800C59367 /* ProfileCompnents */ = {
			isa = PBXGroup;
			children = (
				A9969CE52A5B0ACF00C59367 /* PrivacyPolicyView.swift */,
				A9969D442A671EC900C59367 /* SettingsView.swift */,
				A9969D462A671EF400C59367 /* SignInView.swift */,
				A9969D482A671F1500C59367 /* FollowView.swift */,
				A9969D4A2A671F2E00C59367 /* ContactView.swift */,
				A9969D4C2A671F6C00C59367 /* TermsOfServiceView.swift */,
				A9969D4E2A671F9500C59367 /* AcknowledgementsView.swift */,
				A9969D592A69759C00C59367 /* FaceBookView.swift */,
				A9969D5B2A6975B000C59367 /* TwitterView.swift */,
				A9969D5D2A6975C100C59367 /* YoutubeView.swift */,
				A9969D612A6975F200C59367 /* InstagramView.swift */,
				A9969D7D2A6AF3B300C59367 /* AuthenticationSheet.swift */,
			);
			path = ProfileCompnents;
			sourceTree = "<group>";
		};
		A9969D2F2A640B7600C59367 /* OrderComponents */ = {
			isa = PBXGroup;
			children = (
				A9969D302A640BA400C59367 /* MapView.swift */,
				A9969D532A69235400C59367 /* MapViewWithRecenterButton.swift */,
				A9969D322A640BE400C59367 /* CircleButtonView.swift */,
				A9969D422A671D3D00C59367 /* MenuView.swift */,
				A9969D572A6944CC00C59367 /* BranchInfoView.swift */,
			);
			path = OrderComponents;
			sourceTree = "<group>";
		};
		A9969D3A2A65484E00C59367 /* OnBoardingComponents */ = {
			isa = PBXGroup;
			children = (
				A9969D3B2A65486C00C59367 /* CustomButton.swift */,
				A9969D552A6928C000C59367 /* CustomNavigationBar.swift */,
			);
			path = OnBoardingComponents;
			sourceTree = "<group>";
		};
		A9969D3F2A65568D00C59367 /* Helpers */ = {
			isa = PBXGroup;
			children = (
				A9969D402A65569D00C59367 /* ViewHelpers.swift */,
			);
			path = Helpers;
			sourceTree = "<group>";
		};
		A9969D502A67201D00C59367 /* OffersComponents */ = {
			isa = PBXGroup;
			children = (
				A9969D512A67205A00C59367 /* AuthSheetView.swift */,
			);
			path = OffersComponents;
			sourceTree = "<group>";
		};
		A9FA3B7F2A56C6EB0076D776 = {
			isa = PBXGroup;
			children = (
				A9FA3B8A2A56C6EB0076D776 /* BurgerKing */,
				A9FA3B892A56C6EB0076D776 /* Products */,
			);
			sourceTree = "<group>";
		};
		A9FA3B892A56C6EB0076D776 /* Products */ = {
			isa = PBXGroup;
			children = (
				A9FA3B882A56C6EB0076D776 /* BurgerKing.app */,
			);
			name = Products;
			sourceTree = "<group>";
		};
		A9FA3B8A2A56C6EB0076D776 /* BurgerKing */ = {
			isa = PBXGroup;
			children = (
				A9FA3BB02A587E840076D776 /* Info.plist */,
				A9FA3B9D2A586DAB0076D776 /* Managers */,
				A9FA3B9C2A586DA00076D776 /* Assets */,
				A9FA3B9B2A586D970076D776 /* Models */,
				A9FA3B9A2A586D8C0076D776 /* ViewModels */,
				A9FA3B992A586D830076D776 /* Views */,
				A9FA3B8B2A56C6EB0076D776 /* BurgerKingApp.swift */,
				A9FA3B8D2A56C6EB0076D776 /* ContentView.swift */,
				A9969D672A6AF1A700C59367 /* GoogleService-Info.plist */,
				A9FA3B8F2A56C6EC0076D776 /* Assets.xcassets */,
				A9FA3B912A56C6EC0076D776 /* Preview Content */,
			);
			path = BurgerKing;
			sourceTree = "<group>";
		};
		A9FA3B912A56C6EC0076D776 /* Preview Content */ = {
			isa = PBXGroup;
			children = (
				A9FA3B922A56C6EC0076D776 /* Preview Assets.xcassets */,
			);
			path = "Preview Content";
			sourceTree = "<group>";
		};
		A9FA3B992A586D830076D776 /* Views */ = {
			isa = PBXGroup;
			children = (
				A9FA3BC52A5883090076D776 /* SubViews */,
				A9FA3BC32A58829E0076D776 /* MainViews */,
			);
			path = Views;
			sourceTree = "<group>";
		};
		A9FA3B9A2A586D8C0076D776 /* ViewModels */ = {
			isa = PBXGroup;
			children = (
				A9969D3D2A654A8F00C59367 /* StartViewModel.swift */,
				A9969D222A62C3D400C59367 /* AllowNotificationViewModel.swift */,
				A9969D1E2A62BE8300C59367 /* AllowLocationViewModel.swift */,
			);
			path = ViewModels;
			sourceTree = "<group>";
		};
		A9FA3B9B2A586D970076D776 /* Models */ = {
			isa = PBXGroup;
			children = (
				A9969D1C2A5FFF4800C59367 /* Branch.swift */,
				A9969D242A62C83200C59367 /* AllowLocationModel.swift */,
				A9969D342A64161600C59367 /* BranchAnnotation.swift */,
			);
			path = Models;
			sourceTree = "<group>";
		};
		A9FA3B9C2A586DA00076D776 /* Assets */ = {
			isa = PBXGroup;
			children = (
				A9FA3BA32A586E4D0076D776 /* Fonts */,
				A9FA3BA22A586E440076D776 /* Colors */,
			);
			path = Assets;
			sourceTree = "<group>";
		};
		A9FA3B9D2A586DAB0076D776 /* Managers */ = {
			isa = PBXGroup;
			children = (
				A9969D3F2A65568D00C59367 /* Helpers */,
				A9969D132A5FF83800C59367 /* Location */,
				A9FA3BA52A586E710076D776 /* FireStore */,
				A9FA3BA42A586E640076D776 /* Authentication */,
			);
			path = Managers;
			sourceTree = "<group>";
		};
		A9FA3B9E2A586DF40076D776 /* OnBoarding */ = {
			isa = PBXGroup;
			children = (
				A9969CDE2A5988F100C59367 /* LaunchScreen.storyboard */,
				A9969CE02A59C62900C59367 /* LaunchView.swift */,
				A9969CE22A59C67400C59367 /* StartView.swift */,
				A9FA3BB72A5882280076D776 /* AllowNotificationView.swift */,
				A9FA3BB92A5882410076D776 /* AllowLocationView.swift */,
			);
			path = OnBoarding;
			sourceTree = "<group>";
		};
		A9FA3B9F2A586E050076D776 /* Order */ = {
			isa = PBXGroup;
			children = (
				A9FA3BBD2A58826C0076D776 /* OrderView.swift */,
			);
			path = Order;
			sourceTree = "<group>";
		};
		A9FA3BA02A586E0F0076D776 /* Offers */ = {
			isa = PBXGroup;
			children = (
				A9FA3BBF2A58827E0076D776 /* OffersView.swift */,
			);
			path = Offers;
			sourceTree = "<group>";
		};
		A9FA3BA12A586E1B0076D776 /* Profile */ = {
			isa = PBXGroup;
			children = (
				A9FA3BC12A5882900076D776 /* ProfileView.swift */,
			);
			path = Profile;
			sourceTree = "<group>";
		};
		A9FA3BA22A586E440076D776 /* Colors */ = {
			isa = PBXGroup;
			children = (
				A9FA3BA62A5879590076D776 /* Colors.swift */,
			);
			path = Colors;
			sourceTree = "<group>";
		};
		A9FA3BA32A586E4D0076D776 /* Fonts */ = {
			isa = PBXGroup;
			children = (
				A9FA3BAA2A587D180076D776 /* Flame-Bold.ttf */,
				A9FA3BAC2A587D250076D776 /* FlameSans-Regular.ttf */,
				A9FA3BAE2A587D450076D776 /* Flame-Regular.ttf */,
				A9FA3BA82A5879670076D776 /* Fonts.swift */,
			);
			path = Fonts;
			sourceTree = "<group>";
		};
		A9FA3BA42A586E640076D776 /* Authentication */ = {
			isa = PBXGroup;
			children = (
			);
			path = Authentication;
			sourceTree = "<group>";
		};
		A9FA3BA52A586E710076D776 /* FireStore */ = {
			isa = PBXGroup;
			children = (
			);
			path = FireStore;
			sourceTree = "<group>";
		};
		A9FA3BB12A5881180076D776 /* Test */ = {
			isa = PBXGroup;
			children = (
				A9FA3BB22A5881300076D776 /* TestView.swift */,
			);
			path = Test;
			sourceTree = "<group>";
		};
		A9FA3BB62A5881FD0076D776 /* Home */ = {
			isa = PBXGroup;
			children = (
				A9FA3BBB2A5882550076D776 /* HomeView.swift */,
			);
			path = Home;
			sourceTree = "<group>";
		};
		A9FA3BC32A58829E0076D776 /* MainViews */ = {
			isa = PBXGroup;
			children = (
				A9FA3BA12A586E1B0076D776 /* Profile */,
				A9FA3BA02A586E0F0076D776 /* Offers */,
				A9FA3B9E2A586DF40076D776 /* OnBoarding */,
				A9FA3BB62A5881FD0076D776 /* Home */,
				A9FA3B9F2A586E050076D776 /* Order */,
			);
			path = MainViews;
			sourceTree = "<group>";
		};
		A9FA3BC52A5883090076D776 /* SubViews */ = {
			isa = PBXGroup;
			children = (
				A9969D3A2A65484E00C59367 /* OnBoardingComponents */,
				A9969D2F2A640B7600C59367 /* OrderComponents */,
				A9969D2B2A63C4E700C59367 /* HomeComponents */,
				A9969D2C2A63C50800C59367 /* ProfileCompnents */,
				A9969D502A67201D00C59367 /* OffersComponents */,
				A9969D262A62E97C00C59367 /* TabBar */,
				A9FA3BB12A5881180076D776 /* Test */,
			);
			path = SubViews;
			sourceTree = "<group>";
		};
/* End PBXGroup section */

/* Begin PBXNativeTarget section */
		A9FA3B872A56C6EB0076D776 /* BurgerKing */ = {
			isa = PBXNativeTarget;
			buildConfigurationList = A9FA3B962A56C6EC0076D776 /* Build configuration list for PBXNativeTarget "BurgerKing" */;
			buildPhases = (
				A9FA3B842A56C6EB0076D776 /* Sources */,
				A9FA3B852A56C6EB0076D776 /* Frameworks */,
				A9FA3B862A56C6EB0076D776 /* Resources */,
			);
			buildRules = (
			);
			dependencies = (
			);
			name = BurgerKing;
			packageProductDependencies = (
				A9969D6A2A6AF24700C59367 /* FirebaseAnalytics */,
				A9969D6C2A6AF24700C59367 /* FirebaseAnalyticsSwift */,
				A9969D6E2A6AF24700C59367 /* FirebaseAuth */,
				A9969D702A6AF24700C59367 /* FirebaseAuthCombine-Community */,
				A9969D722A6AF24700C59367 /* FirebaseFirestore */,
				A9969D742A6AF24700C59367 /* FirebaseFirestoreCombine-Community */,
				A9969D762A6AF24700C59367 /* FirebaseFirestoreSwift */,
				A9969D792A6AF2F200C59367 /* GoogleSignIn */,
				A9969D7B2A6AF2F200C59367 /* GoogleSignInSwift */,
			);
			productName = BurgerKing;
			productReference = A9FA3B882A56C6EB0076D776 /* BurgerKing.app */;
			productType = "com.apple.product-type.application";
		};
/* End PBXNativeTarget section */

/* Begin PBXProject section */
		A9FA3B802A56C6EB0076D776 /* Project object */ = {
			isa = PBXProject;
			attributes = {
				BuildIndependentTargetsInParallel = 1;
				LastSwiftUpdateCheck = 1430;
				LastUpgradeCheck = 1430;
				TargetAttributes = {
					A9FA3B872A56C6EB0076D776 = {
						CreatedOnToolsVersion = 14.3.1;
					};
				};
			};
			buildConfigurationList = A9FA3B832A56C6EB0076D776 /* Build configuration list for PBXProject "BurgerKing" */;
			compatibilityVersion = "Xcode 14.0";
			developmentRegion = en;
			hasScannedForEncodings = 0;
			knownRegions = (
				en,
				Base,
			);
			mainGroup = A9FA3B7F2A56C6EB0076D776;
			packageReferences = (
				A9969D692A6AF24700C59367 /* XCRemoteSwiftPackageReference "firebase-ios-sdk" */,
				A9969D782A6AF2F200C59367 /* XCRemoteSwiftPackageReference "GoogleSignIn-iOS" */,
			);
			productRefGroup = A9FA3B892A56C6EB0076D776 /* Products */;
			projectDirPath = "";
			projectRoot = "";
			targets = (
				A9FA3B872A56C6EB0076D776 /* BurgerKing */,
			);
		};
/* End PBXProject section */

/* Begin PBXResourcesBuildPhase section */
		A9FA3B862A56C6EB0076D776 /* Resources */ = {
			isa = PBXResourcesBuildPhase;
			buildActionMask = 2147483647;
			files = (
				A9FA3BAB2A587D180076D776 /* Flame-Bold.ttf in Resources */,
				A9969D682A6AF1A800C59367 /* GoogleService-Info.plist in Resources */,
				A9FA3B932A56C6EC0076D776 /* Preview Assets.xcassets in Resources */,
				A9969D172A5FF88800C59367 /* bklocation.json in Resources */,
				A9FA3BAF2A587D450076D776 /* Flame-Regular.ttf in Resources */,
				A9969CDF2A5988F100C59367 /* LaunchScreen.storyboard in Resources */,
				A9FA3BAD2A587D250076D776 /* FlameSans-Regular.ttf in Resources */,
				A9FA3B902A56C6EC0076D776 /* Assets.xcassets in Resources */,
			);
			runOnlyForDeploymentPostprocessing = 0;
		};
/* End PBXResourcesBuildPhase section */

/* Begin PBXSourcesBuildPhase section */
		A9FA3B842A56C6EB0076D776 /* Sources */ = {
			isa = PBXSourcesBuildPhase;
			buildActionMask = 2147483647;
			files = (
				A9969D522A67205A00C59367 /* AuthSheetView.swift in Sources */,
				A9FA3BBC2A5882550076D776 /* HomeView.swift in Sources */,
				A9969D5A2A69759C00C59367 /* FaceBookView.swift in Sources */,
				A9969D4B2A671F2E00C59367 /* ContactView.swift in Sources */,
				A9969D312A640BA400C59367 /* MapView.swift in Sources */,
				A9969D4D2A671F6C00C59367 /* TermsOfServiceView.swift in Sources */,
				A9969D5C2A6975B000C59367 /* TwitterView.swift in Sources */,
				A9969D582A6944CC00C59367 /* BranchInfoView.swift in Sources */,
				A9969D3C2A65486C00C59367 /* CustomButton.swift in Sources */,
				A9969CE62A5B0ACF00C59367 /* PrivacyPolicyView.swift in Sources */,
				A9FA3BA92A5879670076D776 /* Fonts.swift in Sources */,
				A9969D352A64161600C59367 /* BranchAnnotation.swift in Sources */,
				A9969D622A6975F200C59367 /* InstagramView.swift in Sources */,
				A9FA3BB82A5882280076D776 /* AllowNotificationView.swift in Sources */,
				A9969D232A62C3D400C59367 /* AllowNotificationViewModel.swift in Sources */,
				A9969D252A62C83200C59367 /* AllowLocationModel.swift in Sources */,
				A9969D152A5FF85200C59367 /* LocationManager.swift in Sources */,
				A9969D5E2A6975C100C59367 /* YoutubeView.swift in Sources */,
				A9969CE12A59C62900C59367 /* LaunchView.swift in Sources */,
				A9969D2A2A62EA4300C59367 /* MainTabView.swift in Sources */,
				A9969D412A65569D00C59367 /* ViewHelpers.swift in Sources */,
				A9FA3BB32A5881300076D776 /* TestView.swift in Sources */,
				A9969CE32A59C67400C59367 /* StartView.swift in Sources */,
				A9969D452A671EC900C59367 /* SettingsView.swift in Sources */,
				A9969D1F2A62BE8300C59367 /* AllowLocationViewModel.swift in Sources */,
				A9FA3BC22A5882900076D776 /* ProfileView.swift in Sources */,
				A9969D432A671D3D00C59367 /* MenuView.swift in Sources */,
				A9FA3B8E2A56C6EB0076D776 /* ContentView.swift in Sources */,
				A9FA3BC02A58827E0076D776 /* OffersView.swift in Sources */,
				A9969D2E2A63C53B00C59367 /* BranchCardView.swift in Sources */,
				A9969D332A640BE400C59367 /* CircleButtonView.swift in Sources */,
				A9969D3E2A654A8F00C59367 /* StartViewModel.swift in Sources */,
				A9969D4F2A671F9500C59367 /* AcknowledgementsView.swift in Sources */,
				A9969D1D2A5FFF4800C59367 /* Branch.swift in Sources */,
				A9969D492A671F1500C59367 /* FollowView.swift in Sources */,
				A9FA3BA72A5879590076D776 /* Colors.swift in Sources */,
				A9FA3BBA2A5882410076D776 /* AllowLocationView.swift in Sources */,
				A9969D7E2A6AF3B300C59367 /* AuthenticationSheet.swift in Sources */,
				A9969D192A5FFEE600C59367 /* MapDirectory.swift in Sources */,
				A9FA3B8C2A56C6EB0076D776 /* BurgerKingApp.swift in Sources */,
				A9969D562A6928C000C59367 /* CustomNavigationBar.swift in Sources */,
				A9969D542A69235400C59367 /* MapViewWithRecenterButton.swift in Sources */,
				A9FA3BBE2A58826C0076D776 /* OrderView.swift in Sources */,
				A9969D472A671EF400C59367 /* SignInView.swift in Sources */,
			);
			runOnlyForDeploymentPostprocessing = 0;
		};
/* End PBXSourcesBuildPhase section */

/* Begin XCBuildConfiguration section */
		A9FA3B942A56C6EC0076D776 /* Debug */ = {
			isa = XCBuildConfiguration;
			buildSettings = {
				ALWAYS_SEARCH_USER_PATHS = NO;
				CLANG_ANALYZER_NONNULL = YES;
				CLANG_ANALYZER_NUMBER_OBJECT_CONVERSION = YES_AGGRESSIVE;
				CLANG_CXX_LANGUAGE_STANDARD = "gnu++20";
				CLANG_ENABLE_MODULES = YES;
				CLANG_ENABLE_OBJC_ARC = YES;
				CLANG_ENABLE_OBJC_WEAK = YES;
				CLANG_WARN_BLOCK_CAPTURE_AUTORELEASING = YES;
				CLANG_WARN_BOOL_CONVERSION = YES;
				CLANG_WARN_COMMA = YES;
				CLANG_WARN_CONSTANT_CONVERSION = YES;
				CLANG_WARN_DEPRECATED_OBJC_IMPLEMENTATIONS = YES;
				CLANG_WARN_DIRECT_OBJC_ISA_USAGE = YES_ERROR;
				CLANG_WARN_DOCUMENTATION_COMMENTS = YES;
				CLANG_WARN_EMPTY_BODY = YES;
				CLANG_WARN_ENUM_CONVERSION = YES;
				CLANG_WARN_INFINITE_RECURSION = YES;
				CLANG_WARN_INT_CONVERSION = YES;
				CLANG_WARN_NON_LITERAL_NULL_CONVERSION = YES;
				CLANG_WARN_OBJC_IMPLICIT_RETAIN_SELF = YES;
				CLANG_WARN_OBJC_LITERAL_CONVERSION = YES;
				CLANG_WARN_OBJC_ROOT_CLASS = YES_ERROR;
				CLANG_WARN_QUOTED_INCLUDE_IN_FRAMEWORK_HEADER = YES;
				CLANG_WARN_RANGE_LOOP_ANALYSIS = YES;
				CLANG_WARN_STRICT_PROTOTYPES = YES;
				CLANG_WARN_SUSPICIOUS_MOVE = YES;
				CLANG_WARN_UNGUARDED_AVAILABILITY = YES_AGGRESSIVE;
				CLANG_WARN_UNREACHABLE_CODE = YES;
				CLANG_WARN__DUPLICATE_METHOD_MATCH = YES;
				COPY_PHASE_STRIP = NO;
				DEBUG_INFORMATION_FORMAT = dwarf;
				ENABLE_STRICT_OBJC_MSGSEND = YES;
				ENABLE_TESTABILITY = YES;
				GCC_C_LANGUAGE_STANDARD = gnu11;
				GCC_DYNAMIC_NO_PIC = NO;
				GCC_NO_COMMON_BLOCKS = YES;
				GCC_OPTIMIZATION_LEVEL = 0;
				GCC_PREPROCESSOR_DEFINITIONS = (
					"DEBUG=1",
					"$(inherited)",
				);
				GCC_WARN_64_TO_32_BIT_CONVERSION = YES;
				GCC_WARN_ABOUT_RETURN_TYPE = YES_ERROR;
				GCC_WARN_UNDECLARED_SELECTOR = YES;
				GCC_WARN_UNINITIALIZED_AUTOS = YES_AGGRESSIVE;
				GCC_WARN_UNUSED_FUNCTION = YES;
				GCC_WARN_UNUSED_VARIABLE = YES;
				IPHONEOS_DEPLOYMENT_TARGET = 16.4;
				MTL_ENABLE_DEBUG_INFO = INCLUDE_SOURCE;
				MTL_FAST_MATH = YES;
				ONLY_ACTIVE_ARCH = YES;
				SDKROOT = iphoneos;
				SWIFT_ACTIVE_COMPILATION_CONDITIONS = DEBUG;
				SWIFT_OPTIMIZATION_LEVEL = "-Onone";
			};
			name = Debug;
		};
		A9FA3B952A56C6EC0076D776 /* Release */ = {
			isa = XCBuildConfiguration;
			buildSettings = {
				ALWAYS_SEARCH_USER_PATHS = NO;
				CLANG_ANALYZER_NONNULL = YES;
				CLANG_ANALYZER_NUMBER_OBJECT_CONVERSION = YES_AGGRESSIVE;
				CLANG_CXX_LANGUAGE_STANDARD = "gnu++20";
				CLANG_ENABLE_MODULES = YES;
				CLANG_ENABLE_OBJC_ARC = YES;
				CLANG_ENABLE_OBJC_WEAK = YES;
				CLANG_WARN_BLOCK_CAPTURE_AUTORELEASING = YES;
				CLANG_WARN_BOOL_CONVERSION = YES;
				CLANG_WARN_COMMA = YES;
				CLANG_WARN_CONSTANT_CONVERSION = YES;
				CLANG_WARN_DEPRECATED_OBJC_IMPLEMENTATIONS = YES;
				CLANG_WARN_DIRECT_OBJC_ISA_USAGE = YES_ERROR;
				CLANG_WARN_DOCUMENTATION_COMMENTS = YES;
				CLANG_WARN_EMPTY_BODY = YES;
				CLANG_WARN_ENUM_CONVERSION = YES;
				CLANG_WARN_INFINITE_RECURSION = YES;
				CLANG_WARN_INT_CONVERSION = YES;
				CLANG_WARN_NON_LITERAL_NULL_CONVERSION = YES;
				CLANG_WARN_OBJC_IMPLICIT_RETAIN_SELF = YES;
				CLANG_WARN_OBJC_LITERAL_CONVERSION = YES;
				CLANG_WARN_OBJC_ROOT_CLASS = YES_ERROR;
				CLANG_WARN_QUOTED_INCLUDE_IN_FRAMEWORK_HEADER = YES;
				CLANG_WARN_RANGE_LOOP_ANALYSIS = YES;
				CLANG_WARN_STRICT_PROTOTYPES = YES;
				CLANG_WARN_SUSPICIOUS_MOVE = YES;
				CLANG_WARN_UNGUARDED_AVAILABILITY = YES_AGGRESSIVE;
				CLANG_WARN_UNREACHABLE_CODE = YES;
				CLANG_WARN__DUPLICATE_METHOD_MATCH = YES;
				COPY_PHASE_STRIP = NO;
				DEBUG_INFORMATION_FORMAT = "dwarf-with-dsym";
				ENABLE_NS_ASSERTIONS = NO;
				ENABLE_STRICT_OBJC_MSGSEND = YES;
				GCC_C_LANGUAGE_STANDARD = gnu11;
				GCC_NO_COMMON_BLOCKS = YES;
				GCC_WARN_64_TO_32_BIT_CONVERSION = YES;
				GCC_WARN_ABOUT_RETURN_TYPE = YES_ERROR;
				GCC_WARN_UNDECLARED_SELECTOR = YES;
				GCC_WARN_UNINITIALIZED_AUTOS = YES_AGGRESSIVE;
				GCC_WARN_UNUSED_FUNCTION = YES;
				GCC_WARN_UNUSED_VARIABLE = YES;
				IPHONEOS_DEPLOYMENT_TARGET = 16.4;
				MTL_ENABLE_DEBUG_INFO = NO;
				MTL_FAST_MATH = YES;
				SDKROOT = iphoneos;
				SWIFT_COMPILATION_MODE = wholemodule;
				SWIFT_OPTIMIZATION_LEVEL = "-O";
				VALIDATE_PRODUCT = YES;
			};
			name = Release;
		};
		A9FA3B972A56C6EC0076D776 /* Debug */ = {
			isa = XCBuildConfiguration;
			buildSettings = {
				ASSETCATALOG_COMPILER_APPICON_NAME = AppIcon;
				ASSETCATALOG_COMPILER_GLOBAL_ACCENT_COLOR_NAME = AccentColor;
				CODE_SIGN_STYLE = Automatic;
				CURRENT_PROJECT_VERSION = 1;
				DEVELOPMENT_ASSET_PATHS = "\"BurgerKing/Preview Content\"";
				DEVELOPMENT_TEAM = 4MV2XTA97J;
				ENABLE_PREVIEWS = YES;
				GENERATE_INFOPLIST_FILE = YES;
				INFOPLIST_FILE = BurgerKing/Info.plist;
				INFOPLIST_KEY_NSLocationWhenInUseUsageDescription = "";
				INFOPLIST_KEY_UIApplicationSceneManifest_Generation = YES;
				INFOPLIST_KEY_UIApplicationSupportsIndirectInputEvents = YES;
				INFOPLIST_KEY_UILaunchScreen_Generation = YES;
				INFOPLIST_KEY_UILaunchStoryboardName = LaunchScreen.storyboard;
				INFOPLIST_KEY_UISupportedInterfaceOrientations = UIInterfaceOrientationPortrait;
				IPHONEOS_DEPLOYMENT_TARGET = 16.4;
				LD_RUNPATH_SEARCH_PATHS = (
					"$(inherited)",
					"@executable_path/Frameworks",
				);
				MARKETING_VERSION = 1.0;
				PRODUCT_BUNDLE_IDENTIFIER = com.Lemon.BurgerKing;
				PRODUCT_NAME = "$(TARGET_NAME)";
				SWIFT_EMIT_LOC_STRINGS = YES;
				SWIFT_VERSION = 5.0;
				TARGETED_DEVICE_FAMILY = "1,2";
			};
			name = Debug;
		};
		A9FA3B982A56C6EC0076D776 /* Release */ = {
			isa = XCBuildConfiguration;
			buildSettings = {
				ASSETCATALOG_COMPILER_APPICON_NAME = AppIcon;
				ASSETCATALOG_COMPILER_GLOBAL_ACCENT_COLOR_NAME = AccentColor;
				CODE_SIGN_STYLE = Automatic;
				CURRENT_PROJECT_VERSION = 1;
				DEVELOPMENT_ASSET_PATHS = "\"BurgerKing/Preview Content\"";
				DEVELOPMENT_TEAM = 4MV2XTA97J;
				ENABLE_PREVIEWS = YES;
				GENERATE_INFOPLIST_FILE = YES;
				INFOPLIST_FILE = BurgerKing/Info.plist;
				INFOPLIST_KEY_NSLocationWhenInUseUsageDescription = "";
				INFOPLIST_KEY_UIApplicationSceneManifest_Generation = YES;
				INFOPLIST_KEY_UIApplicationSupportsIndirectInputEvents = YES;
				INFOPLIST_KEY_UILaunchScreen_Generation = YES;
				INFOPLIST_KEY_UILaunchStoryboardName = LaunchScreen.storyboard;
				INFOPLIST_KEY_UISupportedInterfaceOrientations = UIInterfaceOrientationPortrait;
				IPHONEOS_DEPLOYMENT_TARGET = 16.4;
				LD_RUNPATH_SEARCH_PATHS = (
					"$(inherited)",
					"@executable_path/Frameworks",
				);
				MARKETING_VERSION = 1.0;
				PRODUCT_BUNDLE_IDENTIFIER = com.Lemon.BurgerKing;
				PRODUCT_NAME = "$(TARGET_NAME)";
				SWIFT_EMIT_LOC_STRINGS = YES;
				SWIFT_VERSION = 5.0;
				TARGETED_DEVICE_FAMILY = "1,2";
			};
			name = Release;
		};
/* End XCBuildConfiguration section */

/* Begin XCConfigurationList section */
		A9FA3B832A56C6EB0076D776 /* Build configuration list for PBXProject "BurgerKing" */ = {
			isa = XCConfigurationList;
			buildConfigurations = (
				A9FA3B942A56C6EC0076D776 /* Debug */,
				A9FA3B952A56C6EC0076D776 /* Release */,
			);
			defaultConfigurationIsVisible = 0;
			defaultConfigurationName = Release;
		};
		A9FA3B962A56C6EC0076D776 /* Build configuration list for PBXNativeTarget "BurgerKing" */ = {
			isa = XCConfigurationList;
			buildConfigurations = (
				A9FA3B972A56C6EC0076D776 /* Debug */,
				A9FA3B982A56C6EC0076D776 /* Release */,
			);
			defaultConfigurationIsVisible = 0;
			defaultConfigurationName = Release;
		};
/* End XCConfigurationList section */

/* Begin XCRemoteSwiftPackageReference section */
		A9969D692A6AF24700C59367 /* XCRemoteSwiftPackageReference "firebase-ios-sdk" */ = {
			isa = XCRemoteSwiftPackageReference;
			repositoryURL = "https://github.com/firebase/firebase-ios-sdk.git";
			requirement = {
				kind = upToNextMajorVersion;
				minimumVersion = 10.0.0;
			};
		};
		A9969D782A6AF2F200C59367 /* XCRemoteSwiftPackageReference "GoogleSignIn-iOS" */ = {
			isa = XCRemoteSwiftPackageReference;
			repositoryURL = "https://github.com/google/GoogleSignIn-iOS.git";
			requirement = {
				kind = upToNextMajorVersion;
				minimumVersion = 7.0.0;
			};
		};
/* End XCRemoteSwiftPackageReference section */

/* Begin XCSwiftPackageProductDependency section */
		A9969D6A2A6AF24700C59367 /* FirebaseAnalytics */ = {
			isa = XCSwiftPackageProductDependency;
			package = A9969D692A6AF24700C59367 /* XCRemoteSwiftPackageReference "firebase-ios-sdk" */;
			productName = FirebaseAnalytics;
		};
		A9969D6C2A6AF24700C59367 /* FirebaseAnalyticsSwift */ = {
			isa = XCSwiftPackageProductDependency;
			package = A9969D692A6AF24700C59367 /* XCRemoteSwiftPackageReference "firebase-ios-sdk" */;
			productName = FirebaseAnalyticsSwift;
		};
		A9969D6E2A6AF24700C59367 /* FirebaseAuth */ = {
			isa = XCSwiftPackageProductDependency;
			package = A9969D692A6AF24700C59367 /* XCRemoteSwiftPackageReference "firebase-ios-sdk" */;
			productName = FirebaseAuth;
		};
		A9969D702A6AF24700C59367 /* FirebaseAuthCombine-Community */ = {
			isa = XCSwiftPackageProductDependency;
			package = A9969D692A6AF24700C59367 /* XCRemoteSwiftPackageReference "firebase-ios-sdk" */;
			productName = "FirebaseAuthCombine-Community";
		};
		A9969D722A6AF24700C59367 /* FirebaseFirestore */ = {
			isa = XCSwiftPackageProductDependency;
			package = A9969D692A6AF24700C59367 /* XCRemoteSwiftPackageReference "firebase-ios-sdk" */;
			productName = FirebaseFirestore;
		};
		A9969D742A6AF24700C59367 /* FirebaseFirestoreCombine-Community */ = {
			isa = XCSwiftPackageProductDependency;
			package = A9969D692A6AF24700C59367 /* XCRemoteSwiftPackageReference "firebase-ios-sdk" */;
			productName = "FirebaseFirestoreCombine-Community";
		};
		A9969D762A6AF24700C59367 /* FirebaseFirestoreSwift */ = {
			isa = XCSwiftPackageProductDependency;
			package = A9969D692A6AF24700C59367 /* XCRemoteSwiftPackageReference "firebase-ios-sdk" */;
			productName = FirebaseFirestoreSwift;
		};
		A9969D792A6AF2F200C59367 /* GoogleSignIn */ = {
			isa = XCSwiftPackageProductDependency;
			package = A9969D782A6AF2F200C59367 /* XCRemoteSwiftPackageReference "GoogleSignIn-iOS" */;
			productName = GoogleSignIn;
		};
		A9969D7B2A6AF2F200C59367 /* GoogleSignInSwift */ = {
			isa = XCSwiftPackageProductDependency;
			package = A9969D782A6AF2F200C59367 /* XCRemoteSwiftPackageReference "GoogleSignIn-iOS" */;
			productName = GoogleSignInSwift;
		};
/* End XCSwiftPackageProductDependency section */
	};
	rootObject = A9FA3B802A56C6EB0076D776 /* Project object */;
}
