// !$*UTF8*$!
{
	archiveVersion = 1;
	classes = {
	};
	objectVersion = 56;
	objects = {

/* Begin PBXBuildFile section */
		A9FA3B8C2A56C6EB0076D776 /* BurgerKingApp.swift in Sources */ = {isa = PBXBuildFile; fileRef = A9FA3B8B2A56C6EB0076D776 /* BurgerKingApp.swift */; };
		A9FA3B8E2A56C6EB0076D776 /* ContentView.swift in Sources */ = {isa = PBXBuildFile; fileRef = A9FA3B8D2A56C6EB0076D776 /* ContentView.swift */; };
		A9FA3B902A56C6EC0076D776 /* Assets.xcassets in Resources */ = {isa = PBXBuildFile; fileRef = A9FA3B8F2A56C6EC0076D776 /* Assets.xcassets */; };
		A9FA3B932A56C6EC0076D776 /* Preview Assets.xcassets in Resources */ = {isa = PBXBuildFile; fileRef = A9FA3B922A56C6EC0076D776 /* Preview Assets.xcassets */; };
		A9FA3BA72A5879590076D776 /* Colors.swift in Sources */ = {isa = PBXBuildFile; fileRef = A9FA3BA62A5879590076D776 /* Colors.swift */; };
		A9FA3BA92A5879670076D776 /* Fonts.swift in Sources */ = {isa = PBXBuildFile; fileRef = A9FA3BA82A5879670076D776 /* Fonts.swift */; };
		A9FA3BAB2A587D180076D776 /* Flame-Bold.ttf in Resources */ = {isa = PBXBuildFile; fileRef = A9FA3BAA2A587D180076D776 /* Flame-Bold.ttf */; };
		A9FA3BAD2A587D250076D776 /* FlameSans-Regular.ttf in Resources */ = {isa = PBXBuildFile; fileRef = A9FA3BAC2A587D250076D776 /* FlameSans-Regular.ttf */; };
		A9FA3BAF2A587D450076D776 /* Flame-Regular.ttf in Resources */ = {isa = PBXBuildFile; fileRef = A9FA3BAE2A587D450076D776 /* Flame-Regular.ttf */; };
		A9FA3BB32A5881300076D776 /* TestView.swift in Sources */ = {isa = PBXBuildFile; fileRef = A9FA3BB22A5881300076D776 /* TestView.swift */; };
/* End PBXBuildFile section */

/* Begin PBXFileReference section */
		A9FA3B882A56C6EB0076D776 /* BurgerKing.app */ = {isa = PBXFileReference; explicitFileType = wrapper.application; includeInIndex = 0; path = BurgerKing.app; sourceTree = BUILT_PRODUCTS_DIR; };
		A9FA3B8B2A56C6EB0076D776 /* BurgerKingApp.swift */ = {isa = PBXFileReference; lastKnownFileType = sourcecode.swift; path = BurgerKingApp.swift; sourceTree = "<group>"; };
		A9FA3B8D2A56C6EB0076D776 /* ContentView.swift */ = {isa = PBXFileReference; lastKnownFileType = sourcecode.swift; path = ContentView.swift; sourceTree = "<group>"; };
		A9FA3B8F2A56C6EC0076D776 /* Assets.xcassets */ = {isa = PBXFileReference; lastKnownFileType = folder.assetcatalog; path = Assets.xcassets; sourceTree = "<group>"; };
		A9FA3B922A56C6EC0076D776 /* Preview Assets.xcassets */ = {isa = PBXFileReference; lastKnownFileType = folder.assetcatalog; path = "Preview Assets.xcassets"; sourceTree = "<group>"; };
		A9FA3BA62A5879590076D776 /* Colors.swift */ = {isa = PBXFileReference; lastKnownFileType = sourcecode.swift; path = Colors.swift; sourceTree = "<group>"; };
		A9FA3BA82A5879670076D776 /* Fonts.swift */ = {isa = PBXFileReference; lastKnownFileType = sourcecode.swift; path = Fonts.swift; sourceTree = "<group>"; };
		A9FA3BAA2A587D180076D776 /* Flame-Bold.ttf */ = {isa = PBXFileReference; lastKnownFileType = file; name = "Flame-Bold.ttf"; path = "../../../../fonts/Flame-Bold.ttf"; sourceTree = "<group>"; };
		A9FA3BAC2A587D250076D776 /* FlameSans-Regular.ttf */ = {isa = PBXFileReference; lastKnownFileType = file; name = "FlameSans-Regular.ttf"; path = "../../../../fonts/FlameSans-Regular.ttf"; sourceTree = "<group>"; };
		A9FA3BAE2A587D450076D776 /* Flame-Regular.ttf */ = {isa = PBXFileReference; lastKnownFileType = file; name = "Flame-Regular.ttf"; path = "../../../../fonts/Flame-Regular.ttf"; sourceTree = "<group>"; };
		A9FA3BB02A587E840076D776 /* Info.plist */ = {isa = PBXFileReference; lastKnownFileType = text.plist; path = Info.plist; sourceTree = "<group>"; };
		A9FA3BB22A5881300076D776 /* TestView.swift */ = {isa = PBXFileReference; lastKnownFileType = sourcecode.swift; path = TestView.swift; sourceTree = "<group>"; };
/* End PBXFileReference section */

/* Begin PBXFrameworksBuildPhase section */
		A9FA3B852A56C6EB0076D776 /* Frameworks */ = {
			isa = PBXFrameworksBuildPhase;
			buildActionMask = 2147483647;
			files = (
			);
			runOnlyForDeploymentPostprocessing = 0;
		};
/* End PBXFrameworksBuildPhase section */

/* Begin PBXGroup section */
		A9FA3B7F2A56C6EB0076D776 = {
			isa = PBXGroup;
			children = (
				A9FA3B8A2A56C6EB0076D776 /* BurgerKing */,
				A9FA3B892A56C6EB0076D776 /* Products */,
			);
			sourceTree = "<group>";
		};
		A9FA3B892A56C6EB0076D776 /* Products */ = {
			isa = PBXGroup;
			children = (
				A9FA3B882A56C6EB0076D776 /* BurgerKing.app */,
			);
			name = Products;
			sourceTree = "<group>";
		};
		A9FA3B8A2A56C6EB0076D776 /* BurgerKing */ = {
			isa = PBXGroup;
			children = (
				A9FA3BB02A587E840076D776 /* Info.plist */,
				A9FA3B9D2A586DAB0076D776 /* Managers */,
				A9FA3B9C2A586DA00076D776 /* Assets */,
				A9FA3B9B2A586D970076D776 /* Models */,
				A9FA3B9A2A586D8C0076D776 /* ViewModels */,
				A9FA3B992A586D830076D776 /* Views */,
				A9FA3B8B2A56C6EB0076D776 /* BurgerKingApp.swift */,
				A9FA3B8D2A56C6EB0076D776 /* ContentView.swift */,
				A9FA3B8F2A56C6EC0076D776 /* Assets.xcassets */,
				A9FA3B912A56C6EC0076D776 /* Preview Content */,
			);
			path = BurgerKing;
			sourceTree = "<group>";
		};
		A9FA3B912A56C6EC0076D776 /* Preview Content */ = {
			isa = PBXGroup;
			children = (
				A9FA3B922A56C6EC0076D776 /* Preview Assets.xcassets */,
			);
			path = "Preview Content";
			sourceTree = "<group>";
		};
		A9FA3B992A586D830076D776 /* Views */ = {
			isa = PBXGroup;
			children = (
				A9FA3BB12A5881180076D776 /* Test */,
				A9FA3B9E2A586DF40076D776 /* OnBoarding */,
				A9FA3B9F2A586E050076D776 /* Order */,
				A9FA3BA02A586E0F0076D776 /* Offers */,
				A9FA3BA12A586E1B0076D776 /* Profile */,
			);
			path = Views;
			sourceTree = "<group>";
		};
		A9FA3B9A2A586D8C0076D776 /* ViewModels */ = {
			isa = PBXGroup;
			children = (
			);
			path = ViewModels;
			sourceTree = "<group>";
		};
		A9FA3B9B2A586D970076D776 /* Models */ = {
			isa = PBXGroup;
			children = (
			);
			path = Models;
			sourceTree = "<group>";
		};
		A9FA3B9C2A586DA00076D776 /* Assets */ = {
			isa = PBXGroup;
			children = (
				A9FA3BA32A586E4D0076D776 /* Fonts */,
				A9FA3BA22A586E440076D776 /* Colors */,
			);
			path = Assets;
			sourceTree = "<group>";
		};
		A9FA3B9D2A586DAB0076D776 /* Managers */ = {
			isa = PBXGroup;
			children = (
				A9FA3BA52A586E710076D776 /* FireStore */,
				A9FA3BA42A586E640076D776 /* Authentication */,
			);
			path = Managers;
			sourceTree = "<group>";
		};
		A9FA3B9E2A586DF40076D776 /* OnBoarding */ = {
			isa = PBXGroup;
			children = (
			);
			path = OnBoarding;
			sourceTree = "<group>";
		};
		A9FA3B9F2A586E050076D776 /* Order */ = {
			isa = PBXGroup;
			children = (
			);
			path = Order;
			sourceTree = "<group>";
		};
		A9FA3BA02A586E0F0076D776 /* Offers */ = {
			isa = PBXGroup;
			children = (
			);
			path = Offers;
			sourceTree = "<group>";
		};
		A9FA3BA12A586E1B0076D776 /* Profile */ = {
			isa = PBXGroup;
			children = (
			);
			path = Profile;
			sourceTree = "<group>";
		};
		A9FA3BA22A586E440076D776 /* Colors */ = {
			isa = PBXGroup;
			children = (
				A9FA3BA62A5879590076D776 /* Colors.swift */,
			);
			path = Colors;
			sourceTree = "<group>";
		};
		A9FA3BA32A586E4D0076D776 /* Fonts */ = {
			isa = PBXGroup;
			children = (
				A9FA3BAA2A587D180076D776 /* Flame-Bold.ttf */,
				A9FA3BAC2A587D250076D776 /* FlameSans-Regular.ttf */,
				A9FA3BAE2A587D450076D776 /* Flame-Regular.ttf */,
				A9FA3BA82A5879670076D776 /* Fonts.swift */,
			);
			path = Fonts;
			sourceTree = "<group>";
		};
		A9FA3BA42A586E640076D776 /* Authentication */ = {
			isa = PBXGroup;
			children = (
			);
			path = Authentication;
			sourceTree = "<group>";
		};
		A9FA3BA52A586E710076D776 /* FireStore */ = {
			isa = PBXGroup;
			children = (
			);
			path = FireStore;
			sourceTree = "<group>";
		};
		A9FA3BB12A5881180076D776 /* Test */ = {
			isa = PBXGroup;
			children = (
				A9FA3BB22A5881300076D776 /* TestView.swift */,
			);
			path = Test;
			sourceTree = "<group>";
		};
/* End PBXGroup section */

/* Begin PBXNativeTarget section */
		A9FA3B872A56C6EB0076D776 /* BurgerKing */ = {
			isa = PBXNativeTarget;
			buildConfigurationList = A9FA3B962A56C6EC0076D776 /* Build configuration list for PBXNativeTarget "BurgerKing" */;
			buildPhases = (
				A9FA3B842A56C6EB0076D776 /* Sources */,
				A9FA3B852A56C6EB0076D776 /* Frameworks */,
				A9FA3B862A56C6EB0076D776 /* Resources */,
			);
			buildRules = (
			);
			dependencies = (
			);
			name = BurgerKing;
			productName = BurgerKing;
			productReference = A9FA3B882A56C6EB0076D776 /* BurgerKing.app */;
			productType = "com.apple.product-type.application";
		};
/* End PBXNativeTarget section */

/* Begin PBXProject section */
		A9FA3B802A56C6EB0076D776 /* Project object */ = {
			isa = PBXProject;
			attributes = {
				BuildIndependentTargetsInParallel = 1;
				LastSwiftUpdateCheck = 1430;
				LastUpgradeCheck = 1430;
				TargetAttributes = {
					A9FA3B872A56C6EB0076D776 = {
						CreatedOnToolsVersion = 14.3.1;
					};
				};
			};
			buildConfigurationList = A9FA3B832A56C6EB0076D776 /* Build configuration list for PBXProject "BurgerKing" */;
			compatibilityVersion = "Xcode 14.0";
			developmentRegion = en;
			hasScannedForEncodings = 0;
			knownRegions = (
				en,
				Base,
			);
			mainGroup = A9FA3B7F2A56C6EB0076D776;
			productRefGroup = A9FA3B892A56C6EB0076D776 /* Products */;
			projectDirPath = "";
			projectRoot = "";
			targets = (
				A9FA3B872A56C6EB0076D776 /* BurgerKing */,
			);
		};
/* End PBXProject section */

/* Begin PBXResourcesBuildPhase section */
		A9FA3B862A56C6EB0076D776 /* Resources */ = {
			isa = PBXResourcesBuildPhase;
			buildActionMask = 2147483647;
			files = (
				A9FA3BAB2A587D180076D776 /* Flame-Bold.ttf in Resources */,
				A9FA3B932A56C6EC0076D776 /* Preview Assets.xcassets in Resources */,
				A9FA3BAF2A587D450076D776 /* Flame-Regular.ttf in Resources */,
				A9FA3BAD2A587D250076D776 /* FlameSans-Regular.ttf in Resources */,
				A9FA3B902A56C6EC0076D776 /* Assets.xcassets in Resources */,
			);
			runOnlyForDeploymentPostprocessing = 0;
		};
/* End PBXResourcesBuildPhase section */

/* Begin PBXSourcesBuildPhase section */
		A9FA3B842A56C6EB0076D776 /* Sources */ = {
			isa = PBXSourcesBuildPhase;
			buildActionMask = 2147483647;
			files = (
				A9FA3BA92A5879670076D776 /* Fonts.swift in Sources */,
				A9FA3BB32A5881300076D776 /* TestView.swift in Sources */,
				A9FA3B8E2A56C6EB0076D776 /* ContentView.swift in Sources */,
				A9FA3BA72A5879590076D776 /* Colors.swift in Sources */,
				A9FA3B8C2A56C6EB0076D776 /* BurgerKingApp.swift in Sources */,
			);
			runOnlyForDeploymentPostprocessing = 0;
		};
/* End PBXSourcesBuildPhase section */

/* Begin XCBuildConfiguration section */
		A9FA3B942A56C6EC0076D776 /* Debug */ = {
			isa = XCBuildConfiguration;
			buildSettings = {
				ALWAYS_SEARCH_USER_PATHS = NO;
				CLANG_ANALYZER_NONNULL = YES;
				CLANG_ANALYZER_NUMBER_OBJECT_CONVERSION = YES_AGGRESSIVE;
				CLANG_CXX_LANGUAGE_STANDARD = "gnu++20";
				CLANG_ENABLE_MODULES = YES;
				CLANG_ENABLE_OBJC_ARC = YES;
				CLANG_ENABLE_OBJC_WEAK = YES;
				CLANG_WARN_BLOCK_CAPTURE_AUTORELEASING = YES;
				CLANG_WARN_BOOL_CONVERSION = YES;
				CLANG_WARN_COMMA = YES;
				CLANG_WARN_CONSTANT_CONVERSION = YES;
				CLANG_WARN_DEPRECATED_OBJC_IMPLEMENTATIONS = YES;
				CLANG_WARN_DIRECT_OBJC_ISA_USAGE = YES_ERROR;
				CLANG_WARN_DOCUMENTATION_COMMENTS = YES;
				CLANG_WARN_EMPTY_BODY = YES;
				CLANG_WARN_ENUM_CONVERSION = YES;
				CLANG_WARN_INFINITE_RECURSION = YES;
				CLANG_WARN_INT_CONVERSION = YES;
				CLANG_WARN_NON_LITERAL_NULL_CONVERSION = YES;
				CLANG_WARN_OBJC_IMPLICIT_RETAIN_SELF = YES;
				CLANG_WARN_OBJC_LITERAL_CONVERSION = YES;
				CLANG_WARN_OBJC_ROOT_CLASS = YES_ERROR;
				CLANG_WARN_QUOTED_INCLUDE_IN_FRAMEWORK_HEADER = YES;
				CLANG_WARN_RANGE_LOOP_ANALYSIS = YES;
				CLANG_WARN_STRICT_PROTOTYPES = YES;
				CLANG_WARN_SUSPICIOUS_MOVE = YES;
				CLANG_WARN_UNGUARDED_AVAILABILITY = YES_AGGRESSIVE;
				CLANG_WARN_UNREACHABLE_CODE = YES;
				CLANG_WARN__DUPLICATE_METHOD_MATCH = YES;
				COPY_PHASE_STRIP = NO;
				DEBUG_INFORMATION_FORMAT = dwarf;
				ENABLE_STRICT_OBJC_MSGSEND = YES;
				ENABLE_TESTABILITY = YES;
				GCC_C_LANGUAGE_STANDARD = gnu11;
				GCC_DYNAMIC_NO_PIC = NO;
				GCC_NO_COMMON_BLOCKS = YES;
				GCC_OPTIMIZATION_LEVEL = 0;
				GCC_PREPROCESSOR_DEFINITIONS = (
					"DEBUG=1",
					"$(inherited)",
				);
				GCC_WARN_64_TO_32_BIT_CONVERSION = YES;
				GCC_WARN_ABOUT_RETURN_TYPE = YES_ERROR;
				GCC_WARN_UNDECLARED_SELECTOR = YES;
				GCC_WARN_UNINITIALIZED_AUTOS = YES_AGGRESSIVE;
				GCC_WARN_UNUSED_FUNCTION = YES;
				GCC_WARN_UNUSED_VARIABLE = YES;
				IPHONEOS_DEPLOYMENT_TARGET = 16.4;
				MTL_ENABLE_DEBUG_INFO = INCLUDE_SOURCE;
				MTL_FAST_MATH = YES;
				ONLY_ACTIVE_ARCH = YES;
				SDKROOT = iphoneos;
				SWIFT_ACTIVE_COMPILATION_CONDITIONS = DEBUG;
				SWIFT_OPTIMIZATION_LEVEL = "-Onone";
			};
			name = Debug;
		};
		A9FA3B952A56C6EC0076D776 /* Release */ = {
			isa = XCBuildConfiguration;
			buildSettings = {
				ALWAYS_SEARCH_USER_PATHS = NO;
				CLANG_ANALYZER_NONNULL = YES;
				CLANG_ANALYZER_NUMBER_OBJECT_CONVERSION = YES_AGGRESSIVE;
				CLANG_CXX_LANGUAGE_STANDARD = "gnu++20";
				CLANG_ENABLE_MODULES = YES;
				CLANG_ENABLE_OBJC_ARC = YES;
				CLANG_ENABLE_OBJC_WEAK = YES;
				CLANG_WARN_BLOCK_CAPTURE_AUTORELEASING = YES;
				CLANG_WARN_BOOL_CONVERSION = YES;
				CLANG_WARN_COMMA = YES;
				CLANG_WARN_CONSTANT_CONVERSION = YES;
				CLANG_WARN_DEPRECATED_OBJC_IMPLEMENTATIONS = YES;
				CLANG_WARN_DIRECT_OBJC_ISA_USAGE = YES_ERROR;
				CLANG_WARN_DOCUMENTATION_COMMENTS = YES;
				CLANG_WARN_EMPTY_BODY = YES;
				CLANG_WARN_ENUM_CONVERSION = YES;
				CLANG_WARN_INFINITE_RECURSION = YES;
				CLANG_WARN_INT_CONVERSION = YES;
				CLANG_WARN_NON_LITERAL_NULL_CONVERSION = YES;
				CLANG_WARN_OBJC_IMPLICIT_RETAIN_SELF = YES;
				CLANG_WARN_OBJC_LITERAL_CONVERSION = YES;
				CLANG_WARN_OBJC_ROOT_CLASS = YES_ERROR;
				CLANG_WARN_QUOTED_INCLUDE_IN_FRAMEWORK_HEADER = YES;
				CLANG_WARN_RANGE_LOOP_ANALYSIS = YES;
				CLANG_WARN_STRICT_PROTOTYPES = YES;
				CLANG_WARN_SUSPICIOUS_MOVE = YES;
				CLANG_WARN_UNGUARDED_AVAILABILITY = YES_AGGRESSIVE;
				CLANG_WARN_UNREACHABLE_CODE = YES;
				CLANG_WARN__DUPLICATE_METHOD_MATCH = YES;
				COPY_PHASE_STRIP = NO;
				DEBUG_INFORMATION_FORMAT = "dwarf-with-dsym";
				ENABLE_NS_ASSERTIONS = NO;
				ENABLE_STRICT_OBJC_MSGSEND = YES;
				GCC_C_LANGUAGE_STANDARD = gnu11;
				GCC_NO_COMMON_BLOCKS = YES;
				GCC_WARN_64_TO_32_BIT_CONVERSION = YES;
				GCC_WARN_ABOUT_RETURN_TYPE = YES_ERROR;
				GCC_WARN_UNDECLARED_SELECTOR = YES;
				GCC_WARN_UNINITIALIZED_AUTOS = YES_AGGRESSIVE;
				GCC_WARN_UNUSED_FUNCTION = YES;
				GCC_WARN_UNUSED_VARIABLE = YES;
				IPHONEOS_DEPLOYMENT_TARGET = 16.4;
				MTL_ENABLE_DEBUG_INFO = NO;
				MTL_FAST_MATH = YES;
				SDKROOT = iphoneos;
				SWIFT_COMPILATION_MODE = wholemodule;
				SWIFT_OPTIMIZATION_LEVEL = "-O";
				VALIDATE_PRODUCT = YES;
			};
			name = Release;
		};
		A9FA3B972A56C6EC0076D776 /* Debug */ = {
			isa = XCBuildConfiguration;
			buildSettings = {
				ASSETCATALOG_COMPILER_APPICON_NAME = AppIcon;
				ASSETCATALOG_COMPILER_GLOBAL_ACCENT_COLOR_NAME = AccentColor;
				CODE_SIGN_STYLE = Automatic;
				CURRENT_PROJECT_VERSION = 1;
				DEVELOPMENT_ASSET_PATHS = "\"BurgerKing/Preview Content\"";
				DEVELOPMENT_TEAM = 4MV2XTA97J;
				ENABLE_PREVIEWS = YES;
				GENERATE_INFOPLIST_FILE = YES;
				INFOPLIST_FILE = BurgerKing/Info.plist;
				INFOPLIST_KEY_UIApplicationSceneManifest_Generation = YES;
				INFOPLIST_KEY_UIApplicationSupportsIndirectInputEvents = YES;
				INFOPLIST_KEY_UILaunchScreen_Generation = YES;
				INFOPLIST_KEY_UISupportedInterfaceOrientations_iPad = "UIInterfaceOrientationPortrait UIInterfaceOrientationPortraitUpsideDown UIInterfaceOrientationLandscapeLeft UIInterfaceOrientationLandscapeRight";
				INFOPLIST_KEY_UISupportedInterfaceOrientations_iPhone = "UIInterfaceOrientationPortrait UIInterfaceOrientationLandscapeLeft UIInterfaceOrientationLandscapeRight";
				IPHONEOS_DEPLOYMENT_TARGET = 16.4;
				LD_RUNPATH_SEARCH_PATHS = (
					"$(inherited)",
					"@executable_path/Frameworks",
				);
				MARKETING_VERSION = 1.0;
				PRODUCT_BUNDLE_IDENTIFIER = com.Lemon.BurgerKing;
				PRODUCT_NAME = "$(TARGET_NAME)";
				SWIFT_EMIT_LOC_STRINGS = YES;
				SWIFT_VERSION = 5.0;
				TARGETED_DEVICE_FAMILY = "1,2";
			};
			name = Debug;
		};
		A9FA3B982A56C6EC0076D776 /* Release */ = {
			isa = XCBuildConfiguration;
			buildSettings = {
				ASSETCATALOG_COMPILER_APPICON_NAME = AppIcon;
				ASSETCATALOG_COMPILER_GLOBAL_ACCENT_COLOR_NAME = AccentColor;
				CODE_SIGN_STYLE = Automatic;
				CURRENT_PROJECT_VERSION = 1;
				DEVELOPMENT_ASSET_PATHS = "\"BurgerKing/Preview Content\"";
				DEVELOPMENT_TEAM = 4MV2XTA97J;
				ENABLE_PREVIEWS = YES;
				GENERATE_INFOPLIST_FILE = YES;
				INFOPLIST_FILE = BurgerKing/Info.plist;
				INFOPLIST_KEY_UIApplicationSceneManifest_Generation = YES;
				INFOPLIST_KEY_UIApplicationSupportsIndirectInputEvents = YES;
				INFOPLIST_KEY_UILaunchScreen_Generation = YES;
				INFOPLIST_KEY_UISupportedInterfaceOrientations_iPad = "UIInterfaceOrientationPortrait UIInterfaceOrientationPortraitUpsideDown UIInterfaceOrientationLandscapeLeft UIInterfaceOrientationLandscapeRight";
				INFOPLIST_KEY_UISupportedInterfaceOrientations_iPhone = "UIInterfaceOrientationPortrait UIInterfaceOrientationLandscapeLeft UIInterfaceOrientationLandscapeRight";
				IPHONEOS_DEPLOYMENT_TARGET = 16.4;
				LD_RUNPATH_SEARCH_PATHS = (
					"$(inherited)",
					"@executable_path/Frameworks",
				);
				MARKETING_VERSION = 1.0;
				PRODUCT_BUNDLE_IDENTIFIER = com.Lemon.BurgerKing;
				PRODUCT_NAME = "$(TARGET_NAME)";
				SWIFT_EMIT_LOC_STRINGS = YES;
				SWIFT_VERSION = 5.0;
				TARGETED_DEVICE_FAMILY = "1,2";
			};
			name = Release;
		};
/* End XCBuildConfiguration section */

/* Begin XCConfigurationList section */
		A9FA3B832A56C6EB0076D776 /* Build configuration list for PBXProject "BurgerKing" */ = {
			isa = XCConfigurationList;
			buildConfigurations = (
				A9FA3B942A56C6EC0076D776 /* Debug */,
				A9FA3B952A56C6EC0076D776 /* Release */,
			);
			defaultConfigurationIsVisible = 0;
			defaultConfigurationName = Release;
		};
		A9FA3B962A56C6EC0076D776 /* Build configuration list for PBXNativeTarget "BurgerKing" */ = {
			isa = XCConfigurationList;
			buildConfigurations = (
				A9FA3B972A56C6EC0076D776 /* Debug */,
				A9FA3B982A56C6EC0076D776 /* Release */,
			);
			defaultConfigurationIsVisible = 0;
			defaultConfigurationName = Release;
		};
/* End XCConfigurationList section */
	};
	rootObject = A9FA3B802A56C6EB0076D776 /* Project object */;
}
